// !$*UTF8*$!
{
	archiveVersion = 1;
	classes = {
	};
	objectVersion = 56;
	objects = {

/* Begin PBXBuildFile section */
		371525192A9C265700E65745 /* Constants.swift in Sources */ = {isa = PBXBuildFile; fileRef = 371525182A9C24B100E65745 /* Constants.swift */; };
		372BBE942A9AAE0900E35292 /* InvadersLossesApp.swift in Sources */ = {isa = PBXBuildFile; fileRef = 372BBE932A9AAE0900E35292 /* InvadersLossesApp.swift */; };
		372BBE962A9AAE0900E35292 /* GeneralView.swift in Sources */ = {isa = PBXBuildFile; fileRef = 372BBE952A9AAE0900E35292 /* GeneralView.swift */; };
		372BBE982A9AAE0A00E35292 /* Assets.xcassets in Resources */ = {isa = PBXBuildFile; fileRef = 372BBE972A9AAE0A00E35292 /* Assets.xcassets */; };
		372BBE9B2A9AAE0A00E35292 /* Preview Assets.xcassets in Resources */ = {isa = PBXBuildFile; fileRef = 372BBE9A2A9AAE0A00E35292 /* Preview Assets.xcassets */; };
		372BBE9D2A9AAE0A00E35292 /* Persistence.swift in Sources */ = {isa = PBXBuildFile; fileRef = 372BBE9C2A9AAE0A00E35292 /* Persistence.swift */; };
		372BBEA02A9AAE0A00E35292 /* InvadersLosses.xcdatamodeld in Sources */ = {isa = PBXBuildFile; fileRef = 372BBE9E2A9AAE0A00E35292 /* InvadersLosses.xcdatamodeld */; };
		372BBEA82A9AB21200E35292 /* Models.swift in Sources */ = {isa = PBXBuildFile; fileRef = 372BBEA72A9AB21100E35292 /* Models.swift */; };
		372BBEAB2A9AB47B00E35292 /* UrlLoadService.swift in Sources */ = {isa = PBXBuildFile; fileRef = 372BBEAA2A9AB47B00E35292 /* UrlLoadService.swift */; };
		372BBEAD2A9ABB8500E35292 /* CellsViews.swift in Sources */ = {isa = PBXBuildFile; fileRef = 372BBEAC2A9ABB8500E35292 /* CellsViews.swift */; };
		372BBEAF2A9AC26400E35292 /* Formatter.swift in Sources */ = {isa = PBXBuildFile; fileRef = 372BBEAE2A9AC26400E35292 /* Formatter.swift */; };
		372BBEB12A9AC88700E35292 /* DetailsViews.swift in Sources */ = {isa = PBXBuildFile; fileRef = 372BBEB02A9AC88700E35292 /* DetailsViews.swift */; };
/* End PBXBuildFile section */

/* Begin PBXFileReference section */
		371525162A9BEFCA00E65745 /* Readme.md */ = {isa = PBXFileReference; lastKnownFileType = net.daringfireball.markdown; path = Readme.md; sourceTree = "<group>"; };
		371525182A9C24B100E65745 /* Constants.swift */ = {isa = PBXFileReference; lastKnownFileType = sourcecode.swift; path = Constants.swift; sourceTree = "<group>"; };
		372BBE902A9AAE0900E35292 /* InvadersLosses.app */ = {isa = PBXFileReference; explicitFileType = wrapper.application; includeInIndex = 0; path = InvadersLosses.app; sourceTree = BUILT_PRODUCTS_DIR; };
		372BBE932A9AAE0900E35292 /* InvadersLossesApp.swift */ = {isa = PBXFileReference; lastKnownFileType = sourcecode.swift; path = InvadersLossesApp.swift; sourceTree = "<group>"; };
		372BBE952A9AAE0900E35292 /* GeneralView.swift */ = {isa = PBXFileReference; lastKnownFileType = sourcecode.swift; path = GeneralView.swift; sourceTree = "<group>"; };
		372BBE972A9AAE0A00E35292 /* Assets.xcassets */ = {isa = PBXFileReference; lastKnownFileType = folder.assetcatalog; path = Assets.xcassets; sourceTree = "<group>"; };
		372BBE9A2A9AAE0A00E35292 /* Preview Assets.xcassets */ = {isa = PBXFileReference; lastKnownFileType = folder.assetcatalog; path = "Preview Assets.xcassets"; sourceTree = "<group>"; };
		372BBE9C2A9AAE0A00E35292 /* Persistence.swift */ = {isa = PBXFileReference; lastKnownFileType = sourcecode.swift; path = Persistence.swift; sourceTree = "<group>"; };
		372BBE9F2A9AAE0A00E35292 /* InvadersLosses.xcdatamodel */ = {isa = PBXFileReference; lastKnownFileType = wrapper.xcdatamodel; path = InvadersLosses.xcdatamodel; sourceTree = "<group>"; };
		372BBEA72A9AB21100E35292 /* Models.swift */ = {isa = PBXFileReference; lastKnownFileType = sourcecode.swift; path = Models.swift; sourceTree = "<group>"; };
		372BBEAA2A9AB47B00E35292 /* UrlLoadService.swift */ = {isa = PBXFileReference; lastKnownFileType = sourcecode.swift; path = UrlLoadService.swift; sourceTree = "<group>"; };
		372BBEAC2A9ABB8500E35292 /* CellsViews.swift */ = {isa = PBXFileReference; lastKnownFileType = sourcecode.swift; path = CellsViews.swift; sourceTree = "<group>"; };
		372BBEAE2A9AC26400E35292 /* Formatter.swift */ = {isa = PBXFileReference; lastKnownFileType = sourcecode.swift; path = Formatter.swift; sourceTree = "<group>"; };
		372BBEB02A9AC88700E35292 /* DetailsViews.swift */ = {isa = PBXFileReference; lastKnownFileType = sourcecode.swift; path = DetailsViews.swift; sourceTree = "<group>"; };
/* End PBXFileReference section */

/* Begin PBXFrameworksBuildPhase section */
		372BBE8D2A9AAE0900E35292 /* Frameworks */ = {
			isa = PBXFrameworksBuildPhase;
			buildActionMask = 2147483647;
			files = (
			);
			runOnlyForDeploymentPostprocessing = 0;
		};
/* End PBXFrameworksBuildPhase section */

/* Begin PBXGroup section */
		371525172A9BF32D00E65745 /* Util */ = {
			isa = PBXGroup;
			children = (
				372BBEAE2A9AC26400E35292 /* Formatter.swift */,
				372BBE9C2A9AAE0A00E35292 /* Persistence.swift */,
			);
			path = Util;
			sourceTree = "<group>";
		};
		372BBE872A9AAE0900E35292 = {
			isa = PBXGroup;
			children = (
				371525162A9BEFCA00E65745 /* Readme.md */,
				372BBE922A9AAE0900E35292 /* InvadersLosses */,
				372BBE912A9AAE0900E35292 /* Products */,
			);
			sourceTree = "<group>";
		};
		372BBE912A9AAE0900E35292 /* Products */ = {
			isa = PBXGroup;
			children = (
				372BBE902A9AAE0900E35292 /* InvadersLosses.app */,
			);
			name = Products;
			sourceTree = "<group>";
		};
		372BBE922A9AAE0900E35292 /* InvadersLosses */ = {
			isa = PBXGroup;
			children = (
				371525182A9C24B100E65745 /* Constants.swift */,
				371525172A9BF32D00E65745 /* Util */,
				372BBEA92A9AB45300E35292 /* Services */,
				372BBEA72A9AB21100E35292 /* Models.swift */,
				372BBEA62A9AB1FD00E35292 /* Views */,
				372BBE932A9AAE0900E35292 /* InvadersLossesApp.swift */,
				372BBE972A9AAE0A00E35292 /* Assets.xcassets */,
				372BBE9E2A9AAE0A00E35292 /* InvadersLosses.xcdatamodeld */,
				372BBE992A9AAE0A00E35292 /* Preview Content */,
			);
			path = InvadersLosses;
			sourceTree = "<group>";
		};
		372BBE992A9AAE0A00E35292 /* Preview Content */ = {
			isa = PBXGroup;
			children = (
				372BBE9A2A9AAE0A00E35292 /* Preview Assets.xcassets */,
			);
			path = "Preview Content";
			sourceTree = "<group>";
		};
		372BBEA62A9AB1FD00E35292 /* Views */ = {
			isa = PBXGroup;
			children = (
				372BBE952A9AAE0900E35292 /* GeneralView.swift */,
				372BBEAC2A9ABB8500E35292 /* CellsViews.swift */,
				372BBEB02A9AC88700E35292 /* DetailsViews.swift */,
			);
			path = Views;
			sourceTree = "<group>";
		};
		372BBEA92A9AB45300E35292 /* Services */ = {
			isa = PBXGroup;
			children = (
				372BBEAA2A9AB47B00E35292 /* UrlLoadService.swift */,
			);
			path = Services;
			sourceTree = "<group>";
		};
/* End PBXGroup section */

/* Begin PBXNativeTarget section */
		372BBE8F2A9AAE0900E35292 /* InvadersLosses */ = {
			isa = PBXNativeTarget;
			buildConfigurationList = 372BBEA32A9AAE0A00E35292 /* Build configuration list for PBXNativeTarget "InvadersLosses" */;
			buildPhases = (
				372BBE8C2A9AAE0900E35292 /* Sources */,
				372BBE8D2A9AAE0900E35292 /* Frameworks */,
				372BBE8E2A9AAE0900E35292 /* Resources */,
			);
			buildRules = (
			);
			dependencies = (
			);
			name = InvadersLosses;
			productName = InvadersLosses;
			productReference = 372BBE902A9AAE0900E35292 /* InvadersLosses.app */;
			productType = "com.apple.product-type.application";
		};
/* End PBXNativeTarget section */

/* Begin PBXProject section */
		372BBE882A9AAE0900E35292 /* Project object */ = {
			isa = PBXProject;
			attributes = {
				BuildIndependentTargetsInParallel = 1;
				LastSwiftUpdateCheck = 1430;
				LastUpgradeCheck = 1430;
				TargetAttributes = {
					372BBE8F2A9AAE0900E35292 = {
						CreatedOnToolsVersion = 14.3.1;
					};
				};
			};
			buildConfigurationList = 372BBE8B2A9AAE0900E35292 /* Build configuration list for PBXProject "InvadersLosses" */;
			compatibilityVersion = "Xcode 14.0";
			developmentRegion = en;
			hasScannedForEncodings = 0;
			knownRegions = (
				en,
				Base,
			);
			mainGroup = 372BBE872A9AAE0900E35292;
			productRefGroup = 372BBE912A9AAE0900E35292 /* Products */;
			projectDirPath = "";
			projectRoot = "";
			targets = (
				372BBE8F2A9AAE0900E35292 /* InvadersLosses */,
			);
		};
/* End PBXProject section */

/* Begin PBXResourcesBuildPhase section */
		372BBE8E2A9AAE0900E35292 /* Resources */ = {
			isa = PBXResourcesBuildPhase;
			buildActionMask = 2147483647;
			files = (
				372BBE9B2A9AAE0A00E35292 /* Preview Assets.xcassets in Resources */,
				372BBE982A9AAE0A00E35292 /* Assets.xcassets in Resources */,
			);
			runOnlyForDeploymentPostprocessing = 0;
		};
/* End PBXResourcesBuildPhase section */

/* Begin PBXSourcesBuildPhase section */
		372BBE8C2A9AAE0900E35292 /* Sources */ = {
			isa = PBXSourcesBuildPhase;
			buildActionMask = 2147483647;
			files = (
				372BBEA02A9AAE0A00E35292 /* InvadersLosses.xcdatamodeld in Sources */,
				372BBEAB2A9AB47B00E35292 /* UrlLoadService.swift in Sources */,
				372BBEB12A9AC88700E35292 /* DetailsViews.swift in Sources */,
				372BBE9D2A9AAE0A00E35292 /* Persistence.swift in Sources */,
				372BBE962A9AAE0900E35292 /* GeneralView.swift in Sources */,
				371525192A9C265700E65745 /* Constants.swift in Sources */,
				372BBEAD2A9ABB8500E35292 /* CellsViews.swift in Sources */,
				372BBE942A9AAE0900E35292 /* InvadersLossesApp.swift in Sources */,
				372BBEA82A9AB21200E35292 /* Models.swift in Sources */,
				372BBEAF2A9AC26400E35292 /* Formatter.swift in Sources */,
			);
			runOnlyForDeploymentPostprocessing = 0;
		};
/* End PBXSourcesBuildPhase section */

/* Begin XCBuildConfiguration section */
		372BBEA12A9AAE0A00E35292 /* Debug */ = {
			isa = XCBuildConfiguration;
			buildSettings = {
				ALWAYS_SEARCH_USER_PATHS = NO;
				CLANG_ANALYZER_NONNULL = YES;
				CLANG_ANALYZER_NUMBER_OBJECT_CONVERSION = YES_AGGRESSIVE;
				CLANG_CXX_LANGUAGE_STANDARD = "gnu++20";
				CLANG_ENABLE_MODULES = YES;
				CLANG_ENABLE_OBJC_ARC = YES;
				CLANG_ENABLE_OBJC_WEAK = YES;
				CLANG_WARN_BLOCK_CAPTURE_AUTORELEASING = YES;
				CLANG_WARN_BOOL_CONVERSION = YES;
				CLANG_WARN_COMMA = YES;
				CLANG_WARN_CONSTANT_CONVERSION = YES;
				CLANG_WARN_DEPRECATED_OBJC_IMPLEMENTATIONS = YES;
				CLANG_WARN_DIRECT_OBJC_ISA_USAGE = YES_ERROR;
				CLANG_WARN_DOCUMENTATION_COMMENTS = YES;
				CLANG_WARN_EMPTY_BODY = YES;
				CLANG_WARN_ENUM_CONVERSION = YES;
				CLANG_WARN_INFINITE_RECURSION = YES;
				CLANG_WARN_INT_CONVERSION = YES;
				CLANG_WARN_NON_LITERAL_NULL_CONVERSION = YES;
				CLANG_WARN_OBJC_IMPLICIT_RETAIN_SELF = YES;
				CLANG_WARN_OBJC_LITERAL_CONVERSION = YES;
				CLANG_WARN_OBJC_ROOT_CLASS = YES_ERROR;
				CLANG_WARN_QUOTED_INCLUDE_IN_FRAMEWORK_HEADER = YES;
				CLANG_WARN_RANGE_LOOP_ANALYSIS = YES;
				CLANG_WARN_STRICT_PROTOTYPES = YES;
				CLANG_WARN_SUSPICIOUS_MOVE = YES;
				CLANG_WARN_UNGUARDED_AVAILABILITY = YES_AGGRESSIVE;
				CLANG_WARN_UNREACHABLE_CODE = YES;
				CLANG_WARN__DUPLICATE_METHOD_MATCH = YES;
				COPY_PHASE_STRIP = NO;
				DEBUG_INFORMATION_FORMAT = dwarf;
				ENABLE_STRICT_OBJC_MSGSEND = YES;
				ENABLE_TESTABILITY = YES;
				GCC_C_LANGUAGE_STANDARD = gnu11;
				GCC_DYNAMIC_NO_PIC = NO;
				GCC_NO_COMMON_BLOCKS = YES;
				GCC_OPTIMIZATION_LEVEL = 0;
				GCC_PREPROCESSOR_DEFINITIONS = (
					"DEBUG=1",
					"$(inherited)",
				);
				GCC_WARN_64_TO_32_BIT_CONVERSION = YES;
				GCC_WARN_ABOUT_RETURN_TYPE = YES_ERROR;
				GCC_WARN_UNDECLARED_SELECTOR = YES;
				GCC_WARN_UNINITIALIZED_AUTOS = YES_AGGRESSIVE;
				GCC_WARN_UNUSED_FUNCTION = YES;
				GCC_WARN_UNUSED_VARIABLE = YES;
				IPHONEOS_DEPLOYMENT_TARGET = 16.4;
				MTL_ENABLE_DEBUG_INFO = INCLUDE_SOURCE;
				MTL_FAST_MATH = YES;
				ONLY_ACTIVE_ARCH = YES;
				SDKROOT = iphoneos;
				SWIFT_ACTIVE_COMPILATION_CONDITIONS = DEBUG;
				SWIFT_OPTIMIZATION_LEVEL = "-Onone";
			};
			name = Debug;
		};
		372BBEA22A9AAE0A00E35292 /* Release */ = {
			isa = XCBuildConfiguration;
			buildSettings = {
				ALWAYS_SEARCH_USER_PATHS = NO;
				CLANG_ANALYZER_NONNULL = YES;
				CLANG_ANALYZER_NUMBER_OBJECT_CONVERSION = YES_AGGRESSIVE;
				CLANG_CXX_LANGUAGE_STANDARD = "gnu++20";
				CLANG_ENABLE_MODULES = YES;
				CLANG_ENABLE_OBJC_ARC = YES;
				CLANG_ENABLE_OBJC_WEAK = YES;
				CLANG_WARN_BLOCK_CAPTURE_AUTORELEASING = YES;
				CLANG_WARN_BOOL_CONVERSION = YES;
				CLANG_WARN_COMMA = YES;
				CLANG_WARN_CONSTANT_CONVERSION = YES;
				CLANG_WARN_DEPRECATED_OBJC_IMPLEMENTATIONS = YES;
				CLANG_WARN_DIRECT_OBJC_ISA_USAGE = YES_ERROR;
				CLANG_WARN_DOCUMENTATION_COMMENTS = YES;
				CLANG_WARN_EMPTY_BODY = YES;
				CLANG_WARN_ENUM_CONVERSION = YES;
				CLANG_WARN_INFINITE_RECURSION = YES;
				CLANG_WARN_INT_CONVERSION = YES;
				CLANG_WARN_NON_LITERAL_NULL_CONVERSION = YES;
				CLANG_WARN_OBJC_IMPLICIT_RETAIN_SELF = YES;
				CLANG_WARN_OBJC_LITERAL_CONVERSION = YES;
				CLANG_WARN_OBJC_ROOT_CLASS = YES_ERROR;
				CLANG_WARN_QUOTED_INCLUDE_IN_FRAMEWORK_HEADER = YES;
				CLANG_WARN_RANGE_LOOP_ANALYSIS = YES;
				CLANG_WARN_STRICT_PROTOTYPES = YES;
				CLANG_WARN_SUSPICIOUS_MOVE = YES;
				CLANG_WARN_UNGUARDED_AVAILABILITY = YES_AGGRESSIVE;
				CLANG_WARN_UNREACHABLE_CODE = YES;
				CLANG_WARN__DUPLICATE_METHOD_MATCH = YES;
				COPY_PHASE_STRIP = NO;
				DEBUG_INFORMATION_FORMAT = "dwarf-with-dsym";
				ENABLE_NS_ASSERTIONS = NO;
				ENABLE_STRICT_OBJC_MSGSEND = YES;
				GCC_C_LANGUAGE_STANDARD = gnu11;
				GCC_NO_COMMON_BLOCKS = YES;
				GCC_WARN_64_TO_32_BIT_CONVERSION = YES;
				GCC_WARN_ABOUT_RETURN_TYPE = YES_ERROR;
				GCC_WARN_UNDECLARED_SELECTOR = YES;
				GCC_WARN_UNINITIALIZED_AUTOS = YES_AGGRESSIVE;
				GCC_WARN_UNUSED_FUNCTION = YES;
				GCC_WARN_UNUSED_VARIABLE = YES;
				IPHONEOS_DEPLOYMENT_TARGET = 16.4;
				MTL_ENABLE_DEBUG_INFO = NO;
				MTL_FAST_MATH = YES;
				SDKROOT = iphoneos;
				SWIFT_COMPILATION_MODE = wholemodule;
				SWIFT_OPTIMIZATION_LEVEL = "-O";
				VALIDATE_PRODUCT = YES;
			};
			name = Release;
		};
		372BBEA42A9AAE0A00E35292 /* Debug */ = {
			isa = XCBuildConfiguration;
			buildSettings = {
				ASSETCATALOG_COMPILER_APPICON_NAME = AppIcon;
				ASSETCATALOG_COMPILER_GLOBAL_ACCENT_COLOR_NAME = AccentColor;
				CODE_SIGN_STYLE = Automatic;
				CURRENT_PROJECT_VERSION = 1;
				DEVELOPMENT_ASSET_PATHS = "\"InvadersLosses/Preview Content\"";
				DEVELOPMENT_TEAM = J6KZ5SHCBK;
				ENABLE_PREVIEWS = YES;
				GENERATE_INFOPLIST_FILE = YES;
				INFOPLIST_KEY_UIApplicationSceneManifest_Generation = YES;
				INFOPLIST_KEY_UIApplicationSupportsIndirectInputEvents = YES;
				INFOPLIST_KEY_UILaunchScreen_Generation = YES;
				INFOPLIST_KEY_UISupportedInterfaceOrientations_iPad = "UIInterfaceOrientationPortrait UIInterfaceOrientationPortraitUpsideDown UIInterfaceOrientationLandscapeLeft UIInterfaceOrientationLandscapeRight";
				INFOPLIST_KEY_UISupportedInterfaceOrientations_iPhone = "UIInterfaceOrientationPortrait UIInterfaceOrientationLandscapeLeft UIInterfaceOrientationLandscapeRight";
				LD_RUNPATH_SEARCH_PATHS = (
					"$(inherited)",
					"@executable_path/Frameworks",
				);
				MARKETING_VERSION = 1.0;
				PRODUCT_BUNDLE_IDENTIFIER = hlybchenko.InvadersLosses;
				PRODUCT_NAME = "$(TARGET_NAME)";
				SWIFT_EMIT_LOC_STRINGS = YES;
				SWIFT_VERSION = 5.0;
				TARGETED_DEVICE_FAMILY = "1,2";
			};
			name = Debug;
		};
		372BBEA52A9AAE0A00E35292 /* Release */ = {
			isa = XCBuildConfiguration;
			buildSettings = {
				ASSETCATALOG_COMPILER_APPICON_NAME = AppIcon;
				ASSETCATALOG_COMPILER_GLOBAL_ACCENT_COLOR_NAME = AccentColor;
				CODE_SIGN_STYLE = Automatic;
				CURRENT_PROJECT_VERSION = 1;
				DEVELOPMENT_ASSET_PATHS = "\"InvadersLosses/Preview Content\"";
				DEVELOPMENT_TEAM = J6KZ5SHCBK;
				ENABLE_PREVIEWS = YES;
				GENERATE_INFOPLIST_FILE = YES;
				INFOPLIST_KEY_UIApplicationSceneManifest_Generation = YES;
				INFOPLIST_KEY_UIApplicationSupportsIndirectInputEvents = YES;
				INFOPLIST_KEY_UILaunchScreen_Generation = YES;
				INFOPLIST_KEY_UISupportedInterfaceOrientations_iPad = "UIInterfaceOrientationPortrait UIInterfaceOrientationPortraitUpsideDown UIInterfaceOrientationLandscapeLeft UIInterfaceOrientationLandscapeRight";
				INFOPLIST_KEY_UISupportedInterfaceOrientations_iPhone = "UIInterfaceOrientationPortrait UIInterfaceOrientationLandscapeLeft UIInterfaceOrientationLandscapeRight";
				LD_RUNPATH_SEARCH_PATHS = (
					"$(inherited)",
					"@executable_path/Frameworks",
				);
				MARKETING_VERSION = 1.0;
				PRODUCT_BUNDLE_IDENTIFIER = hlybchenko.InvadersLosses;
				PRODUCT_NAME = "$(TARGET_NAME)";
				SWIFT_EMIT_LOC_STRINGS = YES;
				SWIFT_VERSION = 5.0;
				TARGETED_DEVICE_FAMILY = "1,2";
			};
			name = Release;
		};
/* End XCBuildConfiguration section */

/* Begin XCConfigurationList section */
		372BBE8B2A9AAE0900E35292 /* Build configuration list for PBXProject "InvadersLosses" */ = {
			isa = XCConfigurationList;
			buildConfigurations = (
				372BBEA12A9AAE0A00E35292 /* Debug */,
				372BBEA22A9AAE0A00E35292 /* Release */,
			);
			defaultConfigurationIsVisible = 0;
			defaultConfigurationName = Release;
		};
		372BBEA32A9AAE0A00E35292 /* Build configuration list for PBXNativeTarget "InvadersLosses" */ = {
			isa = XCConfigurationList;
			buildConfigurations = (
				372BBEA42A9AAE0A00E35292 /* Debug */,
				372BBEA52A9AAE0A00E35292 /* Release */,
			);
			defaultConfigurationIsVisible = 0;
			defaultConfigurationName = Release;
		};
/* End XCConfigurationList section */

/* Begin XCVersionGroup section */
		372BBE9E2A9AAE0A00E35292 /* InvadersLosses.xcdatamodeld */ = {
			isa = XCVersionGroup;
			children = (
				372BBE9F2A9AAE0A00E35292 /* InvadersLosses.xcdatamodel */,
			);
			currentVersion = 372BBE9F2A9AAE0A00E35292 /* InvadersLosses.xcdatamodel */;
			path = InvadersLosses.xcdatamodeld;
			sourceTree = "<group>";
			versionGroupType = wrapper.xcdatamodel;
		};
/* End XCVersionGroup section */
	};
	rootObject = 372BBE882A9AAE0900E35292 /* Project object */;
}
